// !$*UTF8*$!
{
	archiveVersion = 1;
	classes = {
	};
	objectVersion = 77;
	objects = {

/* Begin PBXBuildFile section */
		DBE914AF2D10906200144576 /* Preview Assets.xcassets in Resources */ = {isa = PBXBuildFile; fileRef = DBE914A92D10906200144576 /* Preview Assets.xcassets */; };
		DBE914B02D10906200144576 /* Assets.xcassets in Resources */ = {isa = PBXBuildFile; fileRef = DBE914AB2D10906200144576 /* Assets.xcassets */; };
		DBE914B12D10906200144576 /* ContentView.swift in Sources */ = {isa = PBXBuildFile; fileRef = DBE914AC2D10906200144576 /* ContentView.swift */; };
		DBE914B22D10906200144576 /* MovieAppApp.swift in Sources */ = {isa = PBXBuildFile; fileRef = DBE914AD2D10906200144576 /* MovieAppApp.swift */; };
		DBE914BE2D10921700144576 /* Movie.swift in Sources */ = {isa = PBXBuildFile; fileRef = DBE914BD2D10920700144576 /* Movie.swift */; };
		DBE914C02D10926600144576 /* MovieRepository.swift in Sources */ = {isa = PBXBuildFile; fileRef = DBE914BF2D10926600144576 /* MovieRepository.swift */; };
		DBE914C22D1092B400144576 /* MovieApiService.swift in Sources */ = {isa = PBXBuildFile; fileRef = DBE914C12D1092B400144576 /* MovieApiService.swift */; };
		DBE914C42D10933700144576 /* MovieRepositoryImplementation.swift in Sources */ = {isa = PBXBuildFile; fileRef = DBE914C32D10933700144576 /* MovieRepositoryImplementation.swift */; };
		DBE914C62D10936B00144576 /* MovieListViewModel.swift in Sources */ = {isa = PBXBuildFile; fileRef = DBE914C52D10936B00144576 /* MovieListViewModel.swift */; };
		DBE914C82D1093B100144576 /* MovieListViewItem.swift in Sources */ = {isa = PBXBuildFile; fileRef = DBE914C72D1093B100144576 /* MovieListViewItem.swift */; };
		DBE914E72D11CC4E00144576 /* MovieDetailView.swift in Sources */ = {isa = PBXBuildFile; fileRef = DBE914E62D11CC4E00144576 /* MovieDetailView.swift */; };
/* End PBXBuildFile section */

/* Begin PBXContainerItemProxy section */
		DBE914632D108ACD00144576 /* PBXContainerItemProxy */ = {
			isa = PBXContainerItemProxy;
			containerPortal = DBE9144A2D108ACB00144576 /* Project object */;
			proxyType = 1;
			remoteGlobalIDString = DBE914512D108ACB00144576;
			remoteInfo = MovieApp;
		};
		DBE9146D2D108ACD00144576 /* PBXContainerItemProxy */ = {
			isa = PBXContainerItemProxy;
			containerPortal = DBE9144A2D108ACB00144576 /* Project object */;
			proxyType = 1;
			remoteGlobalIDString = DBE914512D108ACB00144576;
			remoteInfo = MovieApp;
		};
/* End PBXContainerItemProxy section */

/* Begin PBXFileReference section */
		DBE914522D108ACB00144576 /* MovieApp.app */ = {isa = PBXFileReference; explicitFileType = wrapper.application; includeInIndex = 0; path = MovieApp.app; sourceTree = BUILT_PRODUCTS_DIR; };
		DBE914622D108ACD00144576 /* MovieAppTests.xctest */ = {isa = PBXFileReference; explicitFileType = wrapper.cfbundle; includeInIndex = 0; path = MovieAppTests.xctest; sourceTree = BUILT_PRODUCTS_DIR; };
		DBE9146C2D108ACD00144576 /* MovieAppUITests.xctest */ = {isa = PBXFileReference; explicitFileType = wrapper.cfbundle; includeInIndex = 0; path = MovieAppUITests.xctest; sourceTree = BUILT_PRODUCTS_DIR; };
		DBE914A92D10906200144576 /* Preview Assets.xcassets */ = {isa = PBXFileReference; lastKnownFileType = folder.assetcatalog; path = "Preview Assets.xcassets"; sourceTree = "<group>"; };
		DBE914AB2D10906200144576 /* Assets.xcassets */ = {isa = PBXFileReference; lastKnownFileType = folder.assetcatalog; path = Assets.xcassets; sourceTree = "<group>"; };
		DBE914AC2D10906200144576 /* ContentView.swift */ = {isa = PBXFileReference; lastKnownFileType = sourcecode.swift; path = ContentView.swift; sourceTree = "<group>"; };
		DBE914AD2D10906200144576 /* MovieAppApp.swift */ = {isa = PBXFileReference; lastKnownFileType = sourcecode.swift; path = MovieAppApp.swift; sourceTree = "<group>"; };
		DBE914BD2D10920700144576 /* Movie.swift */ = {isa = PBXFileReference; lastKnownFileType = sourcecode.swift; path = Movie.swift; sourceTree = "<group>"; };
		DBE914BF2D10926600144576 /* MovieRepository.swift */ = {isa = PBXFileReference; lastKnownFileType = sourcecode.swift; path = MovieRepository.swift; sourceTree = "<group>"; };
		DBE914C12D1092B400144576 /* MovieApiService.swift */ = {isa = PBXFileReference; lastKnownFileType = sourcecode.swift; path = MovieApiService.swift; sourceTree = "<group>"; };
		DBE914C32D10933700144576 /* MovieRepositoryImplementation.swift */ = {isa = PBXFileReference; lastKnownFileType = sourcecode.swift; path = MovieRepositoryImplementation.swift; sourceTree = "<group>"; };
		DBE914C52D10936B00144576 /* MovieListViewModel.swift */ = {isa = PBXFileReference; lastKnownFileType = sourcecode.swift; path = MovieListViewModel.swift; sourceTree = "<group>"; };
		DBE914C72D1093B100144576 /* MovieListViewItem.swift */ = {isa = PBXFileReference; lastKnownFileType = sourcecode.swift; path = MovieListViewItem.swift; sourceTree = "<group>"; };
		DBE914CD2D1098AA00144576 /* Info.plist */ = {isa = PBXFileReference; lastKnownFileType = text.plist; path = Info.plist; sourceTree = "<group>"; };
		DBE914E62D11CC4E00144576 /* MovieDetailView.swift */ = {isa = PBXFileReference; lastKnownFileType = sourcecode.swift; path = MovieDetailView.swift; sourceTree = "<group>"; };
/* End PBXFileReference section */

/* Begin PBXFileSystemSynchronizedRootGroup section */
		DBE914652D108ACD00144576 /* MovieAppTests */ = {
			isa = PBXFileSystemSynchronizedRootGroup;
			path = MovieAppTests;
			sourceTree = "<group>";
		};
		DBE9146F2D108ACD00144576 /* MovieAppUITests */ = {
			isa = PBXFileSystemSynchronizedRootGroup;
			path = MovieAppUITests;
			sourceTree = "<group>";
		};
/* End PBXFileSystemSynchronizedRootGroup section */

/* Begin PBXFrameworksBuildPhase section */
		DBE9144F2D108ACB00144576 /* Frameworks */ = {
			isa = PBXFrameworksBuildPhase;
			buildActionMask = 2147483647;
			files = (
			);
			runOnlyForDeploymentPostprocessing = 0;
		};
		DBE9145F2D108ACD00144576 /* Frameworks */ = {
			isa = PBXFrameworksBuildPhase;
			buildActionMask = 2147483647;
			files = (
			);
			runOnlyForDeploymentPostprocessing = 0;
		};
		DBE914692D108ACD00144576 /* Frameworks */ = {
			isa = PBXFrameworksBuildPhase;
			buildActionMask = 2147483647;
			files = (
			);
			runOnlyForDeploymentPostprocessing = 0;
		};
/* End PBXFrameworksBuildPhase section */

/* Begin PBXGroup section */
		DBE914492D108ACB00144576 = {
			isa = PBXGroup;
			children = (
				DBE914AE2D10906200144576 /* MovieApp */,
				DBE914652D108ACD00144576 /* MovieAppTests */,
				DBE9146F2D108ACD00144576 /* MovieAppUITests */,
				DBE914532D108ACB00144576 /* Products */,
			);
			sourceTree = "<group>";
		};
		DBE914532D108ACB00144576 /* Products */ = {
			isa = PBXGroup;
			children = (
				DBE914522D108ACB00144576 /* MovieApp.app */,
				DBE914622D108ACD00144576 /* MovieAppTests.xctest */,
				DBE9146C2D108ACD00144576 /* MovieAppUITests.xctest */,
			);
			name = Products;
			sourceTree = "<group>";
		};
		DBE914A82D10906200144576 /* Domain */ = {
			isa = PBXGroup;
			children = (
				DBE914B52D1090F000144576 /* Repository */,
				DBE914B42D1090E900144576 /* Models */,
			);
			path = Domain;
			sourceTree = "<group>";
		};
		DBE914AA2D10906200144576 /* Preview Content */ = {
			isa = PBXGroup;
			children = (
				DBE914A92D10906200144576 /* Preview Assets.xcassets */,
			);
			path = "Preview Content";
			sourceTree = "<group>";
		};
		DBE914AE2D10906200144576 /* MovieApp */ = {
			isa = PBXGroup;
			children = (
				DBE914CD2D1098AA00144576 /* Info.plist */,
				DBE914B62D10912800144576 /* Data */,
				DBE914B32D10908F00144576 /* Presentation */,
				DBE914A82D10906200144576 /* Domain */,
				DBE914AA2D10906200144576 /* Preview Content */,
				DBE914AB2D10906200144576 /* Assets.xcassets */,
				DBE914AD2D10906200144576 /* MovieAppApp.swift */,
			);
			path = MovieApp;
			sourceTree = "<group>";
		};
		DBE914B32D10908F00144576 /* Presentation */ = {
			isa = PBXGroup;
			children = (
				DBE914B92D10917000144576 /* MovieList */,
			);
			path = Presentation;
			sourceTree = "<group>";
		};
		DBE914B42D1090E900144576 /* Models */ = {
			isa = PBXGroup;
			children = (
				DBE914BD2D10920700144576 /* Movie.swift */,
			);
			path = Models;
			sourceTree = "<group>";
		};
		DBE914B52D1090F000144576 /* Repository */ = {
			isa = PBXGroup;
			children = (
				DBE914BF2D10926600144576 /* MovieRepository.swift */,
			);
			path = Repository;
			sourceTree = "<group>";
		};
		DBE914B62D10912800144576 /* Data */ = {
			isa = PBXGroup;
			children = (
				DBE914B82D10914700144576 /* Repository */,
				DBE914B72D10913F00144576 /* Network */,
			);
			path = Data;
			sourceTree = "<group>";
		};
		DBE914B72D10913F00144576 /* Network */ = {
			isa = PBXGroup;
			children = (
				DBE914C12D1092B400144576 /* MovieApiService.swift */,
			);
			path = Network;
			sourceTree = "<group>";
		};
		DBE914B82D10914700144576 /* Repository */ = {
			isa = PBXGroup;
			children = (
				DBE914C32D10933700144576 /* MovieRepositoryImplementation.swift */,
			);
			path = Repository;
			sourceTree = "<group>";
		};
		DBE914B92D10917000144576 /* MovieList */ = {
			isa = PBXGroup;
			children = (
				DBE914BC2D1091A300144576 /* ViewModels */,
				DBE914BA2D10917F00144576 /* Views */,
			);
			path = MovieList;
			sourceTree = "<group>";
		};
		DBE914BA2D10917F00144576 /* Views */ = {
			isa = PBXGroup;
			children = (
				DBE914AC2D10906200144576 /* ContentView.swift */,
				DBE914C72D1093B100144576 /* MovieListViewItem.swift */,
				DBE914E62D11CC4E00144576 /* MovieDetailView.swift */,
			);
			path = Views;
			sourceTree = "<group>";
		};
		DBE914BC2D1091A300144576 /* ViewModels */ = {
			isa = PBXGroup;
			children = (
				DBE914C52D10936B00144576 /* MovieListViewModel.swift */,
			);
			path = ViewModels;
			sourceTree = "<group>";
		};
/* End PBXGroup section */

/* Begin PBXNativeTarget section */
		DBE914512D108ACB00144576 /* MovieApp */ = {
			isa = PBXNativeTarget;
			buildConfigurationList = DBE914762D108ACD00144576 /* Build configuration list for PBXNativeTarget "MovieApp" */;
			buildPhases = (
				DBE9144E2D108ACB00144576 /* Sources */,
				DBE9144F2D108ACB00144576 /* Frameworks */,
				DBE914502D108ACB00144576 /* Resources */,
			);
			buildRules = (
			);
			dependencies = (
			);
			name = MovieApp;
			packageProductDependencies = (
			);
			productName = MovieApp;
			productReference = DBE914522D108ACB00144576 /* MovieApp.app */;
			productType = "com.apple.product-type.application";
		};
		DBE914612D108ACD00144576 /* MovieAppTests */ = {
			isa = PBXNativeTarget;
			buildConfigurationList = DBE914792D108ACD00144576 /* Build configuration list for PBXNativeTarget "MovieAppTests" */;
			buildPhases = (
				DBE9145E2D108ACD00144576 /* Sources */,
				DBE9145F2D108ACD00144576 /* Frameworks */,
				DBE914602D108ACD00144576 /* Resources */,
			);
			buildRules = (
			);
			dependencies = (
				DBE914642D108ACD00144576 /* PBXTargetDependency */,
			);
			fileSystemSynchronizedGroups = (
				DBE914652D108ACD00144576 /* MovieAppTests */,
			);
			name = MovieAppTests;
			packageProductDependencies = (
			);
			productName = MovieAppTests;
			productReference = DBE914622D108ACD00144576 /* MovieAppTests.xctest */;
			productType = "com.apple.product-type.bundle.unit-test";
		};
		DBE9146B2D108ACD00144576 /* MovieAppUITests */ = {
			isa = PBXNativeTarget;
			buildConfigurationList = DBE9147C2D108ACD00144576 /* Build configuration list for PBXNativeTarget "MovieAppUITests" */;
			buildPhases = (
				DBE914682D108ACD00144576 /* Sources */,
				DBE914692D108ACD00144576 /* Frameworks */,
				DBE9146A2D108ACD00144576 /* Resources */,
			);
			buildRules = (
			);
			dependencies = (
				DBE9146E2D108ACD00144576 /* PBXTargetDependency */,
			);
			fileSystemSynchronizedGroups = (
				DBE9146F2D108ACD00144576 /* MovieAppUITests */,
			);
			name = MovieAppUITests;
			packageProductDependencies = (
			);
			productName = MovieAppUITests;
			productReference = DBE9146C2D108ACD00144576 /* MovieAppUITests.xctest */;
			productType = "com.apple.product-type.bundle.ui-testing";
		};
/* End PBXNativeTarget section */

/* Begin PBXProject section */
		DBE9144A2D108ACB00144576 /* Project object */ = {
			isa = PBXProject;
			attributes = {
				BuildIndependentTargetsInParallel = 1;
				LastSwiftUpdateCheck = 1600;
				LastUpgradeCheck = 1600;
				TargetAttributes = {
					DBE914512D108ACB00144576 = {
						CreatedOnToolsVersion = 16.0;
					};
					DBE914612D108ACD00144576 = {
						CreatedOnToolsVersion = 16.0;
						TestTargetID = DBE914512D108ACB00144576;
					};
					DBE9146B2D108ACD00144576 = {
						CreatedOnToolsVersion = 16.0;
						TestTargetID = DBE914512D108ACB00144576;
					};
				};
			};
			buildConfigurationList = DBE9144D2D108ACB00144576 /* Build configuration list for PBXProject "MovieApp" */;
			developmentRegion = en;
			hasScannedForEncodings = 0;
			knownRegions = (
				en,
				Base,
			);
			mainGroup = DBE914492D108ACB00144576;
			minimizedProjectReferenceProxies = 1;
			preferredProjectObjectVersion = 77;
			productRefGroup = DBE914532D108ACB00144576 /* Products */;
			projectDirPath = "";
			projectRoot = "";
			targets = (
				DBE914512D108ACB00144576 /* MovieApp */,
				DBE914612D108ACD00144576 /* MovieAppTests */,
				DBE9146B2D108ACD00144576 /* MovieAppUITests */,
			);
		};
/* End PBXProject section */

/* Begin PBXResourcesBuildPhase section */
		DBE914502D108ACB00144576 /* Resources */ = {
			isa = PBXResourcesBuildPhase;
			buildActionMask = 2147483647;
			files = (
				DBE914AF2D10906200144576 /* Preview Assets.xcassets in Resources */,
				DBE914B02D10906200144576 /* Assets.xcassets in Resources */,
			);
			runOnlyForDeploymentPostprocessing = 0;
		};
		DBE914602D108ACD00144576 /* Resources */ = {
			isa = PBXResourcesBuildPhase;
			buildActionMask = 2147483647;
			files = (
			);
			runOnlyForDeploymentPostprocessing = 0;
		};
		DBE9146A2D108ACD00144576 /* Resources */ = {
			isa = PBXResourcesBuildPhase;
			buildActionMask = 2147483647;
			files = (
			);
			runOnlyForDeploymentPostprocessing = 0;
		};
/* End PBXResourcesBuildPhase section */

/* Begin PBXSourcesBuildPhase section */
		DBE9144E2D108ACB00144576 /* Sources */ = {
			isa = PBXSourcesBuildPhase;
			buildActionMask = 2147483647;
			files = (
				DBE914C82D1093B100144576 /* MovieListViewItem.swift in Sources */,
				DBE914C02D10926600144576 /* MovieRepository.swift in Sources */,
				DBE914C22D1092B400144576 /* MovieApiService.swift in Sources */,
				DBE914E72D11CC4E00144576 /* MovieDetailView.swift in Sources */,
				DBE914B12D10906200144576 /* ContentView.swift in Sources */,
				DBE914C62D10936B00144576 /* MovieListViewModel.swift in Sources */,
				DBE914B22D10906200144576 /* MovieAppApp.swift in Sources */,
				DBE914C42D10933700144576 /* MovieRepositoryImplementation.swift in Sources */,
				DBE914BE2D10921700144576 /* Movie.swift in Sources */,
			);
			runOnlyForDeploymentPostprocessing = 0;
		};
		DBE9145E2D108ACD00144576 /* Sources */ = {
			isa = PBXSourcesBuildPhase;
			buildActionMask = 2147483647;
			files = (
			);
			runOnlyForDeploymentPostprocessing = 0;
		};
		DBE914682D108ACD00144576 /* Sources */ = {
			isa = PBXSourcesBuildPhase;
			buildActionMask = 2147483647;
			files = (
			);
			runOnlyForDeploymentPostprocessing = 0;
		};
/* End PBXSourcesBuildPhase section */

/* Begin PBXTargetDependency section */
		DBE914642D108ACD00144576 /* PBXTargetDependency */ = {
			isa = PBXTargetDependency;
			target = DBE914512D108ACB00144576 /* MovieApp */;
			targetProxy = DBE914632D108ACD00144576 /* PBXContainerItemProxy */;
		};
		DBE9146E2D108ACD00144576 /* PBXTargetDependency */ = {
			isa = PBXTargetDependency;
			target = DBE914512D108ACB00144576 /* MovieApp */;
			targetProxy = DBE9146D2D108ACD00144576 /* PBXContainerItemProxy */;
		};
/* End PBXTargetDependency section */

/* Begin XCBuildConfiguration section */
		DBE914742D108ACD00144576 /* Debug */ = {
			isa = XCBuildConfiguration;
			buildSettings = {
				ALWAYS_SEARCH_USER_PATHS = NO;
				ASSETCATALOG_COMPILER_GENERATE_SWIFT_ASSET_SYMBOL_EXTENSIONS = YES;
				CLANG_ANALYZER_NONNULL = YES;
				CLANG_ANALYZER_NUMBER_OBJECT_CONVERSION = YES_AGGRESSIVE;
				CLANG_CXX_LANGUAGE_STANDARD = "gnu++20";
				CLANG_ENABLE_MODULES = YES;
				CLANG_ENABLE_OBJC_ARC = YES;
				CLANG_ENABLE_OBJC_WEAK = YES;
				CLANG_WARN_BLOCK_CAPTURE_AUTORELEASING = YES;
				CLANG_WARN_BOOL_CONVERSION = YES;
				CLANG_WARN_COMMA = YES;
				CLANG_WARN_CONSTANT_CONVERSION = YES;
				CLANG_WARN_DEPRECATED_OBJC_IMPLEMENTATIONS = YES;
				CLANG_WARN_DIRECT_OBJC_ISA_USAGE = YES_ERROR;
				CLANG_WARN_DOCUMENTATION_COMMENTS = YES;
				CLANG_WARN_EMPTY_BODY = YES;
				CLANG_WARN_ENUM_CONVERSION = YES;
				CLANG_WARN_INFINITE_RECURSION = YES;
				CLANG_WARN_INT_CONVERSION = YES;
				CLANG_WARN_NON_LITERAL_NULL_CONVERSION = YES;
				CLANG_WARN_OBJC_IMPLICIT_RETAIN_SELF = YES;
				CLANG_WARN_OBJC_LITERAL_CONVERSION = YES;
				CLANG_WARN_OBJC_ROOT_CLASS = YES_ERROR;
				CLANG_WARN_QUOTED_INCLUDE_IN_FRAMEWORK_HEADER = YES;
				CLANG_WARN_RANGE_LOOP_ANALYSIS = YES;
				CLANG_WARN_STRICT_PROTOTYPES = YES;
				CLANG_WARN_SUSPICIOUS_MOVE = YES;
				CLANG_WARN_UNGUARDED_AVAILABILITY = YES_AGGRESSIVE;
				CLANG_WARN_UNREACHABLE_CODE = YES;
				CLANG_WARN__DUPLICATE_METHOD_MATCH = YES;
				COPY_PHASE_STRIP = NO;
				DEBUG_INFORMATION_FORMAT = dwarf;
				ENABLE_STRICT_OBJC_MSGSEND = YES;
				ENABLE_TESTABILITY = YES;
				ENABLE_USER_SCRIPT_SANDBOXING = YES;
				GCC_C_LANGUAGE_STANDARD = gnu17;
				GCC_DYNAMIC_NO_PIC = NO;
				GCC_NO_COMMON_BLOCKS = YES;
				GCC_OPTIMIZATION_LEVEL = 0;
				GCC_PREPROCESSOR_DEFINITIONS = (
					"DEBUG=1",
					"$(inherited)",
				);
				GCC_WARN_64_TO_32_BIT_CONVERSION = YES;
				GCC_WARN_ABOUT_RETURN_TYPE = YES_ERROR;
				GCC_WARN_UNDECLARED_SELECTOR = YES;
				GCC_WARN_UNINITIALIZED_AUTOS = YES_AGGRESSIVE;
				GCC_WARN_UNUSED_FUNCTION = YES;
				GCC_WARN_UNUSED_VARIABLE = YES;
				IPHONEOS_DEPLOYMENT_TARGET = 18.0;
				LOCALIZATION_PREFERS_STRING_CATALOGS = YES;
				MTL_ENABLE_DEBUG_INFO = INCLUDE_SOURCE;
				MTL_FAST_MATH = YES;
				ONLY_ACTIVE_ARCH = YES;
				SDKROOT = iphoneos;
				SWIFT_ACTIVE_COMPILATION_CONDITIONS = "DEBUG $(inherited)";
				SWIFT_OPTIMIZATION_LEVEL = "-Onone";
			};
			name = Debug;
		};
		DBE914752D108ACD00144576 /* Release */ = {
			isa = XCBuildConfiguration;
			buildSettings = {
				ALWAYS_SEARCH_USER_PATHS = NO;
				ASSETCATALOG_COMPILER_GENERATE_SWIFT_ASSET_SYMBOL_EXTENSIONS = YES;
				CLANG_ANALYZER_NONNULL = YES;
				CLANG_ANALYZER_NUMBER_OBJECT_CONVERSION = YES_AGGRESSIVE;
				CLANG_CXX_LANGUAGE_STANDARD = "gnu++20";
				CLANG_ENABLE_MODULES = YES;
				CLANG_ENABLE_OBJC_ARC = YES;
				CLANG_ENABLE_OBJC_WEAK = YES;
				CLANG_WARN_BLOCK_CAPTURE_AUTORELEASING = YES;
				CLANG_WARN_BOOL_CONVERSION = YES;
				CLANG_WARN_COMMA = YES;
				CLANG_WARN_CONSTANT_CONVERSION = YES;
				CLANG_WARN_DEPRECATED_OBJC_IMPLEMENTATIONS = YES;
				CLANG_WARN_DIRECT_OBJC_ISA_USAGE = YES_ERROR;
				CLANG_WARN_DOCUMENTATION_COMMENTS = YES;
				CLANG_WARN_EMPTY_BODY = YES;
				CLANG_WARN_ENUM_CONVERSION = YES;
				CLANG_WARN_INFINITE_RECURSION = YES;
				CLANG_WARN_INT_CONVERSION = YES;
				CLANG_WARN_NON_LITERAL_NULL_CONVERSION = YES;
				CLANG_WARN_OBJC_IMPLICIT_RETAIN_SELF = YES;
				CLANG_WARN_OBJC_LITERAL_CONVERSION = YES;
				CLANG_WARN_OBJC_ROOT_CLASS = YES_ERROR;
				CLANG_WARN_QUOTED_INCLUDE_IN_FRAMEWORK_HEADER = YES;
				CLANG_WARN_RANGE_LOOP_ANALYSIS = YES;
				CLANG_WARN_STRICT_PROTOTYPES = YES;
				CLANG_WARN_SUSPICIOUS_MOVE = YES;
				CLANG_WARN_UNGUARDED_AVAILABILITY = YES_AGGRESSIVE;
				CLANG_WARN_UNREACHABLE_CODE = YES;
				CLANG_WARN__DUPLICATE_METHOD_MATCH = YES;
				COPY_PHASE_STRIP = NO;
				DEBUG_INFORMATION_FORMAT = "dwarf-with-dsym";
				ENABLE_NS_ASSERTIONS = NO;
				ENABLE_STRICT_OBJC_MSGSEND = YES;
				ENABLE_USER_SCRIPT_SANDBOXING = YES;
				GCC_C_LANGUAGE_STANDARD = gnu17;
				GCC_NO_COMMON_BLOCKS = YES;
				GCC_WARN_64_TO_32_BIT_CONVERSION = YES;
				GCC_WARN_ABOUT_RETURN_TYPE = YES_ERROR;
				GCC_WARN_UNDECLARED_SELECTOR = YES;
				GCC_WARN_UNINITIALIZED_AUTOS = YES_AGGRESSIVE;
				GCC_WARN_UNUSED_FUNCTION = YES;
				GCC_WARN_UNUSED_VARIABLE = YES;
				IPHONEOS_DEPLOYMENT_TARGET = 18.0;
				LOCALIZATION_PREFERS_STRING_CATALOGS = YES;
				MTL_ENABLE_DEBUG_INFO = NO;
				MTL_FAST_MATH = YES;
				SDKROOT = iphoneos;
				SWIFT_COMPILATION_MODE = wholemodule;
				VALIDATE_PRODUCT = YES;
			};
			name = Release;
		};
		DBE914772D108ACD00144576 /* Debug */ = {
			isa = XCBuildConfiguration;
			buildSettings = {
				ASSETCATALOG_COMPILER_APPICON_NAME = AppIcon;
				ASSETCATALOG_COMPILER_GLOBAL_ACCENT_COLOR_NAME = AccentColor;
				CODE_SIGN_STYLE = Automatic;
				CURRENT_PROJECT_VERSION = 1;
				DEVELOPMENT_ASSET_PATHS = "\"MovieApp/Preview Content\"";
				DEVELOPMENT_TEAM = H2HJGXYYBR;
				ENABLE_PREVIEWS = YES;
				GENERATE_INFOPLIST_FILE = YES;
				INFOPLIST_FILE = MovieApp/Info.plist;
				INFOPLIST_KEY_UIApplicationSceneManifest_Generation = YES;
				INFOPLIST_KEY_UIApplicationSupportsIndirectInputEvents = YES;
				INFOPLIST_KEY_UILaunchScreen_Generation = YES;
				INFOPLIST_KEY_UISupportedInterfaceOrientations_iPad = "UIInterfaceOrientationPortrait UIInterfaceOrientationPortraitUpsideDown UIInterfaceOrientationLandscapeLeft UIInterfaceOrientationLandscapeRight";
				INFOPLIST_KEY_UISupportedInterfaceOrientations_iPhone = "UIInterfaceOrientationPortrait UIInterfaceOrientationLandscapeLeft UIInterfaceOrientationLandscapeRight";
				LD_RUNPATH_SEARCH_PATHS = (
					"$(inherited)",
					"@executable_path/Frameworks",
				);
				MARKETING_VERSION = 1.0;
				PRODUCT_BUNDLE_IDENTIFIER = "Rohit-Company.MovieApp";
				PRODUCT_NAME = "$(TARGET_NAME)";
				SWIFT_EMIT_LOC_STRINGS = YES;
				SWIFT_VERSION = 5.0;
				TARGETED_DEVICE_FAMILY = "1,2";
			};
			name = Debug;
		};
		DBE914782D108ACD00144576 /* Release */ = {
			isa = XCBuildConfiguration;
			buildSettings = {
				ASSETCATALOG_COMPILER_APPICON_NAME = AppIcon;
				ASSETCATALOG_COMPILER_GLOBAL_ACCENT_COLOR_NAME = AccentColor;
				CODE_SIGN_STYLE = Automatic;
				CURRENT_PROJECT_VERSION = 1;
				DEVELOPMENT_ASSET_PATHS = "\"MovieApp/Preview Content\"";
				DEVELOPMENT_TEAM = H2HJGXYYBR;
				ENABLE_PREVIEWS = YES;
				GENERATE_INFOPLIST_FILE = YES;
				INFOPLIST_FILE = MovieApp/Info.plist;
				INFOPLIST_KEY_UIApplicationSceneManifest_Generation = YES;
				INFOPLIST_KEY_UIApplicationSupportsIndirectInputEvents = YES;
				INFOPLIST_KEY_UILaunchScreen_Generation = YES;
				INFOPLIST_KEY_UISupportedInterfaceOrientations_iPad = "UIInterfaceOrientationPortrait UIInterfaceOrientationPortraitUpsideDown UIInterfaceOrientationLandscapeLeft UIInterfaceOrientationLandscapeRight";
				INFOPLIST_KEY_UISupportedInterfaceOrientations_iPhone = "UIInterfaceOrientationPortrait UIInterfaceOrientationLandscapeLeft UIInterfaceOrientationLandscapeRight";
				LD_RUNPATH_SEARCH_PATHS = (
					"$(inherited)",
					"@executable_path/Frameworks",
				);
				MARKETING_VERSION = 1.0;
				PRODUCT_BUNDLE_IDENTIFIER = "Rohit-Company.MovieApp";
				PRODUCT_NAME = "$(TARGET_NAME)";
				SWIFT_EMIT_LOC_STRINGS = YES;
				SWIFT_VERSION = 5.0;
				TARGETED_DEVICE_FAMILY = "1,2";
			};
			name = Release;
		};
		DBE9147A2D108ACD00144576 /* Debug */ = {
			isa = XCBuildConfiguration;
			buildSettings = {
				BUNDLE_LOADER = "$(TEST_HOST)";
				CODE_SIGN_STYLE = Automatic;
				CURRENT_PROJECT_VERSION = 1;
				DEVELOPMENT_TEAM = H2HJGXYYBR;
				GENERATE_INFOPLIST_FILE = YES;
				IPHONEOS_DEPLOYMENT_TARGET = 18.0;
				MARKETING_VERSION = 1.0;
				PRODUCT_BUNDLE_IDENTIFIER = "Rohit-Company.MovieAppTests";
				PRODUCT_NAME = "$(TARGET_NAME)";
				SWIFT_EMIT_LOC_STRINGS = NO;
				SWIFT_VERSION = 5.0;
				TARGETED_DEVICE_FAMILY = "1,2";
				TEST_HOST = "$(BUILT_PRODUCTS_DIR)/MovieApp.app/$(BUNDLE_EXECUTABLE_FOLDER_PATH)/MovieApp";
			};
			name = Debug;
		};
		DBE9147B2D108ACD00144576 /* Release */ = {
			isa = XCBuildConfiguration;
			buildSettings = {
				BUNDLE_LOADER = "$(TEST_HOST)";
				CODE_SIGN_STYLE = Automatic;
				CURRENT_PROJECT_VERSION = 1;
				DEVELOPMENT_TEAM = H2HJGXYYBR;
				GENERATE_INFOPLIST_FILE = YES;
				IPHONEOS_DEPLOYMENT_TARGET = 18.0;
				MARKETING_VERSION = 1.0;
				PRODUCT_BUNDLE_IDENTIFIER = "Rohit-Company.MovieAppTests";
				PRODUCT_NAME = "$(TARGET_NAME)";
				SWIFT_EMIT_LOC_STRINGS = NO;
				SWIFT_VERSION = 5.0;
				TARGETED_DEVICE_FAMILY = "1,2";
				TEST_HOST = "$(BUILT_PRODUCTS_DIR)/MovieApp.app/$(BUNDLE_EXECUTABLE_FOLDER_PATH)/MovieApp";
			};
			name = Release;
		};
		DBE9147D2D108ACD00144576 /* Debug */ = {
			isa = XCBuildConfiguration;
			buildSettings = {
				CODE_SIGN_STYLE = Automatic;
				CURRENT_PROJECT_VERSION = 1;
				DEVELOPMENT_TEAM = H2HJGXYYBR;
				GENERATE_INFOPLIST_FILE = YES;
				MARKETING_VERSION = 1.0;
				PRODUCT_BUNDLE_IDENTIFIER = "Rohit-Company.MovieAppUITests";
				PRODUCT_NAME = "$(TARGET_NAME)";
				SWIFT_EMIT_LOC_STRINGS = NO;
				SWIFT_VERSION = 5.0;
				TARGETED_DEVICE_FAMILY = "1,2";
				TEST_TARGET_NAME = MovieApp;
			};
			name = Debug;
		};
		DBE9147E2D108ACD00144576 /* Release */ = {
			isa = XCBuildConfiguration;
			buildSettings = {
				CODE_SIGN_STYLE = Automatic;
				CURRENT_PROJECT_VERSION = 1;
				DEVELOPMENT_TEAM = H2HJGXYYBR;
				GENERATE_INFOPLIST_FILE = YES;
				MARKETING_VERSION = 1.0;
				PRODUCT_BUNDLE_IDENTIFIER = "Rohit-Company.MovieAppUITests";
				PRODUCT_NAME = "$(TARGET_NAME)";
				SWIFT_EMIT_LOC_STRINGS = NO;
				SWIFT_VERSION = 5.0;
				TARGETED_DEVICE_FAMILY = "1,2";
				TEST_TARGET_NAME = MovieApp;
			};
			name = Release;
		};
/* End XCBuildConfiguration section */

/* Begin XCConfigurationList section */
		DBE9144D2D108ACB00144576 /* Build configuration list for PBXProject "MovieApp" */ = {
			isa = XCConfigurationList;
			buildConfigurations = (
				DBE914742D108ACD00144576 /* Debug */,
				DBE914752D108ACD00144576 /* Release */,
			);
			defaultConfigurationIsVisible = 0;
			defaultConfigurationName = Release;
		};
		DBE914762D108ACD00144576 /* Build configuration list for PBXNativeTarget "MovieApp" */ = {
			isa = XCConfigurationList;
			buildConfigurations = (
				DBE914772D108ACD00144576 /* Debug */,
				DBE914782D108ACD00144576 /* Release */,
			);
			defaultConfigurationIsVisible = 0;
			defaultConfigurationName = Release;
		};
		DBE914792D108ACD00144576 /* Build configuration list for PBXNativeTarget "MovieAppTests" */ = {
			isa = XCConfigurationList;
			buildConfigurations = (
				DBE9147A2D108ACD00144576 /* Debug */,
				DBE9147B2D108ACD00144576 /* Release */,
			);
			defaultConfigurationIsVisible = 0;
			defaultConfigurationName = Release;
		};
		DBE9147C2D108ACD00144576 /* Build configuration list for PBXNativeTarget "MovieAppUITests" */ = {
			isa = XCConfigurationList;
			buildConfigurations = (
				DBE9147D2D108ACD00144576 /* Debug */,
				DBE9147E2D108ACD00144576 /* Release */,
			);
			defaultConfigurationIsVisible = 0;
			defaultConfigurationName = Release;
		};
/* End XCConfigurationList section */
	};
	rootObject = DBE9144A2D108ACB00144576 /* Project object */;
}
